// !$*UTF8*$!
{
	archiveVersion = 1;
	classes = {
	};
	objectVersion = 46;
	objects = {

/* Begin PBXBuildFile section */
		050B634E1C55CA3B0033279B /* UIKit.framework in Frameworks */ = {isa = PBXBuildFile; fileRef = 050B634D1C55CA3B0033279B /* UIKit.framework */; };
		050B63501C55D7D70033279B /* CoreMotion.framework in Frameworks */ = {isa = PBXBuildFile; fileRef = 050B634F1C55D7D70033279B /* CoreMotion.framework */; };
		0520578E1C81089B00009D91 /* yawIcon.png in Resources */ = {isa = PBXBuildFile; fileRef = 0520578D1C81089B00009D91 /* yawIcon.png */; };
		054F0B671C8E04BE00496D38 /* ContainerViewController.swift in Sources */ = {isa = PBXBuildFile; fileRef = 054F0B661C8E04BE00496D38 /* ContainerViewController.swift */; };
		054F0B691C8E04D900496D38 /* SettingsViewController.swift in Sources */ = {isa = PBXBuildFile; fileRef = 054F0B681C8E04D900496D38 /* SettingsViewController.swift */; };
		05746A6A1C7E833100161135 /* iCarousel.m in Sources */ = {isa = PBXBuildFile; fileRef = 05746A691C7E833100161135 /* iCarousel.m */; };
		05FA09121C5E8A6C0025A1F6 /* Parse.framework in Frameworks */ = {isa = PBXBuildFile; fileRef = 05FA09111C5E8A6C0025A1F6 /* Parse.framework */; };
		05FA09141C5E8AAF0025A1F6 /* Bolts.framework in Frameworks */ = {isa = PBXBuildFile; fileRef = 05FA09131C5E8AAF0025A1F6 /* Bolts.framework */; };
		05FA09161C5E8D070025A1F6 /* AudioToolbox.framework in Frameworks */ = {isa = PBXBuildFile; fileRef = 05FA09151C5E8D070025A1F6 /* AudioToolbox.framework */; };
		05FA09181C5E8D0F0025A1F6 /* CFNetwork.framework in Frameworks */ = {isa = PBXBuildFile; fileRef = 05FA09171C5E8D0F0025A1F6 /* CFNetwork.framework */; };
		05FA091A1C5E8D160025A1F6 /* CoreGraphics.framework in Frameworks */ = {isa = PBXBuildFile; fileRef = 05FA09191C5E8D160025A1F6 /* CoreGraphics.framework */; };
		05FA091C1C5E8D1E0025A1F6 /* QuartzCore.framework in Frameworks */ = {isa = PBXBuildFile; fileRef = 05FA091B1C5E8D1E0025A1F6 /* QuartzCore.framework */; };
		05FA091E1C5E8D260025A1F6 /* Security.framework in Frameworks */ = {isa = PBXBuildFile; fileRef = 05FA091D1C5E8D260025A1F6 /* Security.framework */; };
		05FA09201C5E8D310025A1F6 /* StoreKit.framework in Frameworks */ = {isa = PBXBuildFile; fileRef = 05FA091F1C5E8D310025A1F6 /* StoreKit.framework */; };
		05FA09221C5E8D3B0025A1F6 /* SystemConfiguration.framework in Frameworks */ = {isa = PBXBuildFile; fileRef = 05FA09211C5E8D3B0025A1F6 /* SystemConfiguration.framework */; };
		05FA09241C5E8D440025A1F6 /* libz.tbd in Frameworks */ = {isa = PBXBuildFile; fileRef = 05FA09231C5E8D440025A1F6 /* libz.tbd */; };
		05FA09261C5E8D4D0025A1F6 /* libsqlite3.tbd in Frameworks */ = {isa = PBXBuildFile; fileRef = 05FA09251C5E8D4D0025A1F6 /* libsqlite3.tbd */; };
		5E331D7C1CD06B03007FF047 /* ionicons.ttf in Resources */ = {isa = PBXBuildFile; fileRef = 5E331D7B1CD0699F007FF047 /* ionicons.ttf */; };
		5E711FCB1CB7365800A3F113 /* CheckListViewController.swift in Sources */ = {isa = PBXBuildFile; fileRef = 5E711FCA1CB7365800A3F113 /* CheckListViewController.swift */; };
		5EB8A1121CBB38B0003B575D /* OverlayView.swift in Sources */ = {isa = PBXBuildFile; fileRef = 5EB8A1111CBB38B0003B575D /* OverlayView.swift */; };
		5EB8A1141CBB38C4003B575D /* OverlayView.xib in Resources */ = {isa = PBXBuildFile; fileRef = 5EB8A1131CBB38C4003B575D /* OverlayView.xib */; };
		5EF38CC41C7925CE00827882 /* Photos.framework in Frameworks */ = {isa = PBXBuildFile; fileRef = 5EF38CC31C7925CE00827882 /* Photos.framework */; };
		7927EF301CB2CF8A00571161 /* (null) in Sources */ = {isa = PBXBuildFile; };
		793635EB1CB2DB7F005CA708 /* ParseFacebookUtilsV4.framework in Frameworks */ = {isa = PBXBuildFile; fileRef = 793635EA1CB2DB7F005CA708 /* ParseFacebookUtilsV4.framework */; };
		793635EF1CB2DB8F005CA708 /* FBSDKCoreKit.framework in Frameworks */ = {isa = PBXBuildFile; fileRef = 793635EC1CB2DB8F005CA708 /* FBSDKCoreKit.framework */; };
		793635F01CB2DB8F005CA708 /* FBSDKLoginKit.framework in Frameworks */ = {isa = PBXBuildFile; fileRef = 793635ED1CB2DB8F005CA708 /* FBSDKLoginKit.framework */; };
		793635F11CB2DB8F005CA708 /* FBSDKShareKit.framework in Frameworks */ = {isa = PBXBuildFile; fileRef = 793635EE1CB2DB8F005CA708 /* FBSDKShareKit.framework */; };
		79ED85831CBB30E3000D6E4E /* ParseUI.framework in Frameworks */ = {isa = PBXBuildFile; fileRef = 79ED85821CBB30E3000D6E4E /* ParseUI.framework */; };
		932139321C8CE972008A69D9 /* MessageDetailVC.swift in Sources */ = {isa = PBXBuildFile; fileRef = 932139311C8CE972008A69D9 /* MessageDetailVC.swift */; };
		937E7F2F1C55672700057D32 /* AppDelegate.swift in Sources */ = {isa = PBXBuildFile; fileRef = 937E7F2E1C55672700057D32 /* AppDelegate.swift */; };
		937E7F311C55672700057D32 /* ViewController.swift in Sources */ = {isa = PBXBuildFile; fileRef = 937E7F301C55672700057D32 /* ViewController.swift */; };
		937E7F341C55672700057D32 /* Main.storyboard in Resources */ = {isa = PBXBuildFile; fileRef = 937E7F321C55672700057D32 /* Main.storyboard */; };
		937E7F371C55672700057D32 /* SwipeShare.xcdatamodeld in Sources */ = {isa = PBXBuildFile; fileRef = 937E7F351C55672700057D32 /* SwipeShare.xcdatamodeld */; };
		937E7F391C55672700057D32 /* Assets.xcassets in Resources */ = {isa = PBXBuildFile; fileRef = 937E7F381C55672700057D32 /* Assets.xcassets */; };
		937E7F3C1C55672700057D32 /* LaunchScreen.storyboard in Resources */ = {isa = PBXBuildFile; fileRef = 937E7F3A1C55672700057D32 /* LaunchScreen.storyboard */; };
		937E7F471C55672700057D32 /* SwipeShareTests.swift in Sources */ = {isa = PBXBuildFile; fileRef = 937E7F461C55672700057D32 /* SwipeShareTests.swift */; };
		937E7F521C55672700057D32 /* SwipeShareUITests.swift in Sources */ = {isa = PBXBuildFile; fileRef = 937E7F511C55672700057D32 /* SwipeShareUITests.swift */; };
		939B82971C87852300770F79 /* MessageCell.swift in Sources */ = {isa = PBXBuildFile; fileRef = 939B82961C87852300770F79 /* MessageCell.swift */; };
		939B829D1C87859700770F79 /* MessageTableVC.swift in Sources */ = {isa = PBXBuildFile; fileRef = 939B829C1C87859700770F79 /* MessageTableVC.swift */; };
		939B82A11C87882400770F79 /* Message.swift in Sources */ = {isa = PBXBuildFile; fileRef = 939B82A01C87882400770F79 /* Message.swift */; };
		939B82A31C87D2D800770F79 /* MessageManager.swift in Sources */ = {isa = PBXBuildFile; fileRef = 939B82A21C87D2D800770F79 /* MessageManager.swift */; };
		93A8CCB11C67E56C00BB9C03 /* SignUpViewCont.swift in Sources */ = {isa = PBXBuildFile; fileRef = 93A8CCB01C67E56C00BB9C03 /* SignUpViewCont.swift */; };
		93F422281C556B82006DEB7E /* MapKit.framework in Frameworks */ = {isa = PBXBuildFile; fileRef = 93F422271C556B82006DEB7E /* MapKit.framework */; };
		93F4222E1C5575B1006DEB7E /* LocationViewController.swift in Sources */ = {isa = PBXBuildFile; fileRef = 93F4222D1C5575B1006DEB7E /* LocationViewController.swift */; };
		93F422321C5584A8006DEB7E /* CoreLocation.framework in Frameworks */ = {isa = PBXBuildFile; fileRef = 93F422311C5584A8006DEB7E /* CoreLocation.framework */; };
		93FA3F221C66A8C000BB3791 /* LoginViewController.swift in Sources */ = {isa = PBXBuildFile; fileRef = 93FA3F211C66A8C000BB3791 /* LoginViewController.swift */; };
		93FA3F241C66A8CB00BB3791 /* ResetPasswordViewController.swift in Sources */ = {isa = PBXBuildFile; fileRef = 93FA3F231C66A8CB00BB3791 /* ResetPasswordViewController.swift */; };
		E09FA7AEC3903240FBB09000 /* Pods_SwipeShare.framework in Frameworks */ = {isa = PBXBuildFile; fileRef = 929FFFC86CC0B064C07D1F4C /* Pods_SwipeShare.framework */; };
/* End PBXBuildFile section */

/* Begin PBXContainerItemProxy section */
		937E7F431C55672700057D32 /* PBXContainerItemProxy */ = {
			isa = PBXContainerItemProxy;
			containerPortal = 937E7F231C55672700057D32 /* Project object */;
			proxyType = 1;
			remoteGlobalIDString = 937E7F2A1C55672700057D32;
			remoteInfo = SwipeShare;
		};
		937E7F4E1C55672700057D32 /* PBXContainerItemProxy */ = {
			isa = PBXContainerItemProxy;
			containerPortal = 937E7F231C55672700057D32 /* Project object */;
			proxyType = 1;
			remoteGlobalIDString = 937E7F2A1C55672700057D32;
			remoteInfo = SwipeShare;
		};
/* End PBXContainerItemProxy section */

/* Begin PBXFileReference section */
		050B634D1C55CA3B0033279B /* UIKit.framework */ = {isa = PBXFileReference; lastKnownFileType = wrapper.framework; name = UIKit.framework; path = System/Library/Frameworks/UIKit.framework; sourceTree = SDKROOT; };
		050B634F1C55D7D70033279B /* CoreMotion.framework */ = {isa = PBXFileReference; lastKnownFileType = wrapper.framework; name = CoreMotion.framework; path = System/Library/Frameworks/CoreMotion.framework; sourceTree = SDKROOT; };
		0520578D1C81089B00009D91 /* yawIcon.png */ = {isa = PBXFileReference; lastKnownFileType = image.png; path = yawIcon.png; sourceTree = "<group>"; };
		054F0B661C8E04BE00496D38 /* ContainerViewController.swift */ = {isa = PBXFileReference; fileEncoding = 4; lastKnownFileType = sourcecode.swift; path = ContainerViewController.swift; sourceTree = "<group>"; };
		054F0B681C8E04D900496D38 /* SettingsViewController.swift */ = {isa = PBXFileReference; fileEncoding = 4; lastKnownFileType = sourcecode.swift; path = SettingsViewController.swift; sourceTree = "<group>"; };
		05746A681C7E833100161135 /* iCarousel.h */ = {isa = PBXFileReference; fileEncoding = 4; lastKnownFileType = sourcecode.c.h; name = iCarousel.h; path = iCarousel/iCarousel.h; sourceTree = "<group>"; };
		05746A691C7E833100161135 /* iCarousel.m */ = {isa = PBXFileReference; fileEncoding = 4; lastKnownFileType = sourcecode.c.objc; name = iCarousel.m; path = iCarousel/iCarousel.m; sourceTree = "<group>"; };
		05FA09111C5E8A6C0025A1F6 /* Parse.framework */ = {isa = PBXFileReference; lastKnownFileType = wrapper.framework; path = Parse.framework; sourceTree = "<group>"; };
		05FA09131C5E8AAF0025A1F6 /* Bolts.framework */ = {isa = PBXFileReference; lastKnownFileType = wrapper.framework; path = Bolts.framework; sourceTree = "<group>"; };
		05FA09151C5E8D070025A1F6 /* AudioToolbox.framework */ = {isa = PBXFileReference; lastKnownFileType = wrapper.framework; name = AudioToolbox.framework; path = System/Library/Frameworks/AudioToolbox.framework; sourceTree = SDKROOT; };
		05FA09171C5E8D0F0025A1F6 /* CFNetwork.framework */ = {isa = PBXFileReference; lastKnownFileType = wrapper.framework; name = CFNetwork.framework; path = System/Library/Frameworks/CFNetwork.framework; sourceTree = SDKROOT; };
		05FA09191C5E8D160025A1F6 /* CoreGraphics.framework */ = {isa = PBXFileReference; lastKnownFileType = wrapper.framework; name = CoreGraphics.framework; path = System/Library/Frameworks/CoreGraphics.framework; sourceTree = SDKROOT; };
		05FA091B1C5E8D1E0025A1F6 /* QuartzCore.framework */ = {isa = PBXFileReference; lastKnownFileType = wrapper.framework; name = QuartzCore.framework; path = System/Library/Frameworks/QuartzCore.framework; sourceTree = SDKROOT; };
		05FA091D1C5E8D260025A1F6 /* Security.framework */ = {isa = PBXFileReference; lastKnownFileType = wrapper.framework; name = Security.framework; path = System/Library/Frameworks/Security.framework; sourceTree = SDKROOT; };
		05FA091F1C5E8D310025A1F6 /* StoreKit.framework */ = {isa = PBXFileReference; lastKnownFileType = wrapper.framework; name = StoreKit.framework; path = System/Library/Frameworks/StoreKit.framework; sourceTree = SDKROOT; };
		05FA09211C5E8D3B0025A1F6 /* SystemConfiguration.framework */ = {isa = PBXFileReference; lastKnownFileType = wrapper.framework; name = SystemConfiguration.framework; path = System/Library/Frameworks/SystemConfiguration.framework; sourceTree = SDKROOT; };
		05FA09231C5E8D440025A1F6 /* libz.tbd */ = {isa = PBXFileReference; lastKnownFileType = "sourcecode.text-based-dylib-definition"; name = libz.tbd; path = usr/lib/libz.tbd; sourceTree = SDKROOT; };
		05FA09251C5E8D4D0025A1F6 /* libsqlite3.tbd */ = {isa = PBXFileReference; lastKnownFileType = "sourcecode.text-based-dylib-definition"; name = libsqlite3.tbd; path = usr/lib/libsqlite3.tbd; sourceTree = SDKROOT; };
		5E331D7B1CD0699F007FF047 /* ionicons.ttf */ = {isa = PBXFileReference; lastKnownFileType = file; path = ionicons.ttf; sourceTree = "<group>"; };
		5E711FCA1CB7365800A3F113 /* CheckListViewController.swift */ = {isa = PBXFileReference; fileEncoding = 4; lastKnownFileType = sourcecode.swift; path = CheckListViewController.swift; sourceTree = "<group>"; };
		5EB8A1111CBB38B0003B575D /* OverlayView.swift */ = {isa = PBXFileReference; fileEncoding = 4; lastKnownFileType = sourcecode.swift; path = OverlayView.swift; sourceTree = "<group>"; };
		5EB8A1131CBB38C4003B575D /* OverlayView.xib */ = {isa = PBXFileReference; fileEncoding = 4; lastKnownFileType = file.xib; name = OverlayView.xib; path = ../OverlayView.xib; sourceTree = "<group>"; };
		5EF38CC21C7919F000827882 /* Yaw-Bridging-Header.h */ = {isa = PBXFileReference; fileEncoding = 4; lastKnownFileType = sourcecode.c.h; path = "Yaw-Bridging-Header.h"; sourceTree = "<group>"; };
		5EF38CC31C7925CE00827882 /* Photos.framework */ = {isa = PBXFileReference; lastKnownFileType = wrapper.framework; name = Photos.framework; path = System/Library/Frameworks/Photos.framework; sourceTree = SDKROOT; };
		793635EA1CB2DB7F005CA708 /* ParseFacebookUtilsV4.framework */ = {isa = PBXFileReference; lastKnownFileType = wrapper.framework; path = ParseFacebookUtilsV4.framework; sourceTree = "<group>"; };
		793635EC1CB2DB8F005CA708 /* FBSDKCoreKit.framework */ = {isa = PBXFileReference; lastKnownFileType = wrapper.framework; name = FBSDKCoreKit.framework; path = "FacebookSDKs-iOS-20160316/FBSDKCoreKit.framework"; sourceTree = "<group>"; };
		793635ED1CB2DB8F005CA708 /* FBSDKLoginKit.framework */ = {isa = PBXFileReference; lastKnownFileType = wrapper.framework; name = FBSDKLoginKit.framework; path = "FacebookSDKs-iOS-20160316/FBSDKLoginKit.framework"; sourceTree = "<group>"; };
		793635EE1CB2DB8F005CA708 /* FBSDKShareKit.framework */ = {isa = PBXFileReference; lastKnownFileType = wrapper.framework; name = FBSDKShareKit.framework; path = "FacebookSDKs-iOS-20160316/FBSDKShareKit.framework"; sourceTree = "<group>"; };
		79ED85821CBB30E3000D6E4E /* ParseUI.framework */ = {isa = PBXFileReference; lastKnownFileType = wrapper.framework; path = ParseUI.framework; sourceTree = "<group>"; };
		82E9FE079B35757E9551772A /* Pods-SwipeShare.release.xcconfig */ = {isa = PBXFileReference; includeInIndex = 1; lastKnownFileType = text.xcconfig; name = "Pods-SwipeShare.release.xcconfig"; path = "Pods/Target Support Files/Pods-SwipeShare/Pods-SwipeShare.release.xcconfig"; sourceTree = "<group>"; };
		929FFFC86CC0B064C07D1F4C /* Pods_SwipeShare.framework */ = {isa = PBXFileReference; explicitFileType = wrapper.framework; includeInIndex = 0; path = Pods_SwipeShare.framework; sourceTree = BUILT_PRODUCTS_DIR; };
		932139311C8CE972008A69D9 /* MessageDetailVC.swift */ = {isa = PBXFileReference; fileEncoding = 4; lastKnownFileType = sourcecode.swift; name = MessageDetailVC.swift; path = ../MessageDetailVC.swift; sourceTree = "<group>"; };
		937E7F2B1C55672700057D32 /* Yaw.app */ = {isa = PBXFileReference; explicitFileType = wrapper.application; includeInIndex = 0; path = Yaw.app; sourceTree = BUILT_PRODUCTS_DIR; };
		937E7F2E1C55672700057D32 /* AppDelegate.swift */ = {isa = PBXFileReference; lastKnownFileType = sourcecode.swift; path = AppDelegate.swift; sourceTree = "<group>"; };
		937E7F301C55672700057D32 /* ViewController.swift */ = {isa = PBXFileReference; lastKnownFileType = sourcecode.swift; path = ViewController.swift; sourceTree = "<group>"; };
		937E7F331C55672700057D32 /* Base */ = {isa = PBXFileReference; lastKnownFileType = file.storyboard; name = Base; path = Base.lproj/Main.storyboard; sourceTree = "<group>"; };
		937E7F361C55672700057D32 /* SwipeShare.xcdatamodel */ = {isa = PBXFileReference; lastKnownFileType = wrapper.xcdatamodel; path = SwipeShare.xcdatamodel; sourceTree = "<group>"; };
		937E7F381C55672700057D32 /* Assets.xcassets */ = {isa = PBXFileReference; lastKnownFileType = folder.assetcatalog; path = Assets.xcassets; sourceTree = "<group>"; };
		937E7F3B1C55672700057D32 /* Base */ = {isa = PBXFileReference; lastKnownFileType = file.storyboard; name = Base; path = Base.lproj/LaunchScreen.storyboard; sourceTree = "<group>"; };
		937E7F3D1C55672700057D32 /* Info.plist */ = {isa = PBXFileReference; lastKnownFileType = text.plist.xml; path = Info.plist; sourceTree = "<group>"; };
		937E7F421C55672700057D32 /* SwipeShareTests.xctest */ = {isa = PBXFileReference; explicitFileType = wrapper.cfbundle; includeInIndex = 0; path = SwipeShareTests.xctest; sourceTree = BUILT_PRODUCTS_DIR; };
		937E7F461C55672700057D32 /* SwipeShareTests.swift */ = {isa = PBXFileReference; lastKnownFileType = sourcecode.swift; path = SwipeShareTests.swift; sourceTree = "<group>"; };
		937E7F481C55672700057D32 /* Info.plist */ = {isa = PBXFileReference; lastKnownFileType = text.plist.xml; path = Info.plist; sourceTree = "<group>"; };
		937E7F4D1C55672700057D32 /* SwipeShareUITests.xctest */ = {isa = PBXFileReference; explicitFileType = wrapper.cfbundle; includeInIndex = 0; path = SwipeShareUITests.xctest; sourceTree = BUILT_PRODUCTS_DIR; };
		937E7F511C55672700057D32 /* SwipeShareUITests.swift */ = {isa = PBXFileReference; lastKnownFileType = sourcecode.swift; path = SwipeShareUITests.swift; sourceTree = "<group>"; };
		937E7F531C55672700057D32 /* Info.plist */ = {isa = PBXFileReference; lastKnownFileType = text.plist.xml; path = Info.plist; sourceTree = "<group>"; };
		939B82961C87852300770F79 /* MessageCell.swift */ = {isa = PBXFileReference; fileEncoding = 4; lastKnownFileType = sourcecode.swift; path = MessageCell.swift; sourceTree = "<group>"; };
		939B829C1C87859700770F79 /* MessageTableVC.swift */ = {isa = PBXFileReference; fileEncoding = 4; lastKnownFileType = sourcecode.swift; path = MessageTableVC.swift; sourceTree = "<group>"; };
		939B82A01C87882400770F79 /* Message.swift */ = {isa = PBXFileReference; fileEncoding = 4; lastKnownFileType = sourcecode.swift; path = Message.swift; sourceTree = "<group>"; };
		939B82A21C87D2D800770F79 /* MessageManager.swift */ = {isa = PBXFileReference; fileEncoding = 4; lastKnownFileType = sourcecode.swift; path = MessageManager.swift; sourceTree = "<group>"; };
		93A8CCB01C67E56C00BB9C03 /* SignUpViewCont.swift */ = {isa = PBXFileReference; fileEncoding = 4; lastKnownFileType = sourcecode.swift; path = SignUpViewCont.swift; sourceTree = "<group>"; };
		93F422271C556B82006DEB7E /* MapKit.framework */ = {isa = PBXFileReference; lastKnownFileType = wrapper.framework; name = MapKit.framework; path = System/Library/Frameworks/MapKit.framework; sourceTree = SDKROOT; };
		93F4222D1C5575B1006DEB7E /* LocationViewController.swift */ = {isa = PBXFileReference; fileEncoding = 4; lastKnownFileType = sourcecode.swift; path = LocationViewController.swift; sourceTree = "<group>"; };
		93F422311C5584A8006DEB7E /* CoreLocation.framework */ = {isa = PBXFileReference; lastKnownFileType = wrapper.framework; name = CoreLocation.framework; path = System/Library/Frameworks/CoreLocation.framework; sourceTree = SDKROOT; };
		93FA3F211C66A8C000BB3791 /* LoginViewController.swift */ = {isa = PBXFileReference; fileEncoding = 4; lastKnownFileType = sourcecode.swift; path = LoginViewController.swift; sourceTree = "<group>"; };
		93FA3F231C66A8CB00BB3791 /* ResetPasswordViewController.swift */ = {isa = PBXFileReference; fileEncoding = 4; lastKnownFileType = sourcecode.swift; path = ResetPasswordViewController.swift; sourceTree = "<group>"; };
		FE915271C625A055062ADB56 /* Pods-SwipeShare.debug.xcconfig */ = {isa = PBXFileReference; includeInIndex = 1; lastKnownFileType = text.xcconfig; name = "Pods-SwipeShare.debug.xcconfig"; path = "Pods/Target Support Files/Pods-SwipeShare/Pods-SwipeShare.debug.xcconfig"; sourceTree = "<group>"; };
/* End PBXFileReference section */

/* Begin PBXFrameworksBuildPhase section */
		937E7F281C55672700057D32 /* Frameworks */ = {
			isa = PBXFrameworksBuildPhase;
			buildActionMask = 2147483647;
			files = (
				79ED85831CBB30E3000D6E4E /* ParseUI.framework in Frameworks */,
				05FA09141C5E8AAF0025A1F6 /* Bolts.framework in Frameworks */,
				793635EF1CB2DB8F005CA708 /* FBSDKCoreKit.framework in Frameworks */,
				793635F01CB2DB8F005CA708 /* FBSDKLoginKit.framework in Frameworks */,
				793635F11CB2DB8F005CA708 /* FBSDKShareKit.framework in Frameworks */,
				793635EB1CB2DB7F005CA708 /* ParseFacebookUtilsV4.framework in Frameworks */,
				5EF38CC41C7925CE00827882 /* Photos.framework in Frameworks */,
				05FA09261C5E8D4D0025A1F6 /* libsqlite3.tbd in Frameworks */,
				05FA09241C5E8D440025A1F6 /* libz.tbd in Frameworks */,
				05FA09221C5E8D3B0025A1F6 /* SystemConfiguration.framework in Frameworks */,
				05FA09201C5E8D310025A1F6 /* StoreKit.framework in Frameworks */,
				05FA091E1C5E8D260025A1F6 /* Security.framework in Frameworks */,
				05FA091C1C5E8D1E0025A1F6 /* QuartzCore.framework in Frameworks */,
				05FA091A1C5E8D160025A1F6 /* CoreGraphics.framework in Frameworks */,
				05FA09181C5E8D0F0025A1F6 /* CFNetwork.framework in Frameworks */,
				05FA09161C5E8D070025A1F6 /* AudioToolbox.framework in Frameworks */,
				050B63501C55D7D70033279B /* CoreMotion.framework in Frameworks */,
				050B634E1C55CA3B0033279B /* UIKit.framework in Frameworks */,
				93F422321C5584A8006DEB7E /* CoreLocation.framework in Frameworks */,
				93F422281C556B82006DEB7E /* MapKit.framework in Frameworks */,
				05FA09121C5E8A6C0025A1F6 /* Parse.framework in Frameworks */,
				E09FA7AEC3903240FBB09000 /* Pods_SwipeShare.framework in Frameworks */,
			);
			runOnlyForDeploymentPostprocessing = 0;
		};
		937E7F3F1C55672700057D32 /* Frameworks */ = {
			isa = PBXFrameworksBuildPhase;
			buildActionMask = 2147483647;
			files = (
			);
			runOnlyForDeploymentPostprocessing = 0;
		};
		937E7F4A1C55672700057D32 /* Frameworks */ = {
			isa = PBXFrameworksBuildPhase;
			buildActionMask = 2147483647;
			files = (
			);
			runOnlyForDeploymentPostprocessing = 0;
		};
/* End PBXFrameworksBuildPhase section */

/* Begin PBXGroup section */
		05746A671C7E832000161135 /* iCarousel */ = {
			isa = PBXGroup;
			children = (
				05746A681C7E833100161135 /* iCarousel.h */,
				05746A691C7E833100161135 /* iCarousel.m */,
			);
			name = iCarousel;
			sourceTree = "<group>";
		};
		79C8FF3A1CB2C81D0037B488 /* Frameworks */ = {
			isa = PBXGroup;
			children = (
				79ED85821CBB30E3000D6E4E /* ParseUI.framework */,
				793635EC1CB2DB8F005CA708 /* FBSDKCoreKit.framework */,
				793635ED1CB2DB8F005CA708 /* FBSDKLoginKit.framework */,
				793635EE1CB2DB8F005CA708 /* FBSDKShareKit.framework */,
				793635EA1CB2DB7F005CA708 /* ParseFacebookUtilsV4.framework */,
				5EF38CC31C7925CE00827882 /* Photos.framework */,
				05FA09211C5E8D3B0025A1F6 /* SystemConfiguration.framework */,
				05FA091F1C5E8D310025A1F6 /* StoreKit.framework */,
				05FA091D1C5E8D260025A1F6 /* Security.framework */,
				05FA091B1C5E8D1E0025A1F6 /* QuartzCore.framework */,
				05FA09191C5E8D160025A1F6 /* CoreGraphics.framework */,
				05FA09171C5E8D0F0025A1F6 /* CFNetwork.framework */,
				05FA09151C5E8D070025A1F6 /* AudioToolbox.framework */,
				05FA09131C5E8AAF0025A1F6 /* Bolts.framework */,
				05FA09111C5E8A6C0025A1F6 /* Parse.framework */,
				050B634F1C55D7D70033279B /* CoreMotion.framework */,
				050B634D1C55CA3B0033279B /* UIKit.framework */,
				93F422311C5584A8006DEB7E /* CoreLocation.framework */,
				93F422271C556B82006DEB7E /* MapKit.framework */,
				929FFFC86CC0B064C07D1F4C /* Pods_SwipeShare.framework */,
			);
			name = Frameworks;
			sourceTree = "<group>";
		};
		79ED85881CBB3BDE000D6E4E /* Resources */ = {
			isa = PBXGroup;
			children = (
				5E331D7B1CD0699F007FF047 /* ionicons.ttf */,
			);
			name = Resources;
			sourceTree = "<group>";
		};
		937E7F221C55672700057D32 = {
			isa = PBXGroup;
			children = (
				937E7F2D1C55672700057D32 /* SwipeShare */,
				79ED85881CBB3BDE000D6E4E /* Resources */,
				79C8FF3A1CB2C81D0037B488 /* Frameworks */,
				05FA09251C5E8D4D0025A1F6 /* libsqlite3.tbd */,
				05FA09231C5E8D440025A1F6 /* libz.tbd */,
				05746A671C7E832000161135 /* iCarousel */,
				937E7F451C55672700057D32 /* SwipeShareTests */,
				937E7F501C55672700057D32 /* SwipeShareUITests */,
				937E7F2C1C55672700057D32 /* Products */,
				F2AD1F52D51C852F23E7429A /* Pods */,
			);
			sourceTree = "<group>";
		};
		937E7F2C1C55672700057D32 /* Products */ = {
			isa = PBXGroup;
			children = (
				937E7F2B1C55672700057D32 /* Yaw.app */,
				937E7F421C55672700057D32 /* SwipeShareTests.xctest */,
				937E7F4D1C55672700057D32 /* SwipeShareUITests.xctest */,
			);
			name = Products;
			sourceTree = "<group>";
		};
		937E7F2D1C55672700057D32 /* SwipeShare */ = {
			isa = PBXGroup;
			children = (
				5EB8A1111CBB38B0003B575D /* OverlayView.swift */,
				5EB8A1131CBB38C4003B575D /* OverlayView.xib */,
				0520578D1C81089B00009D91 /* yawIcon.png */,
				937E7F2E1C55672700057D32 /* AppDelegate.swift */,
				937E7F301C55672700057D32 /* ViewController.swift */,
				939B82A01C87882400770F79 /* Message.swift */,
				939B82A21C87D2D800770F79 /* MessageManager.swift */,
				939B82961C87852300770F79 /* MessageCell.swift */,
				5EF38CC21C7919F000827882 /* Yaw-Bridging-Header.h */,
				93FA3F231C66A8CB00BB3791 /* ResetPasswordViewController.swift */,
				93A8CCB01C67E56C00BB9C03 /* SignUpViewCont.swift */,
				93FA3F211C66A8C000BB3791 /* LoginViewController.swift */,
				054F0B661C8E04BE00496D38 /* ContainerViewController.swift */,
				054F0B681C8E04D900496D38 /* SettingsViewController.swift */,
				939B829C1C87859700770F79 /* MessageTableVC.swift */,
				932139311C8CE972008A69D9 /* MessageDetailVC.swift */,
				5E711FCA1CB7365800A3F113 /* CheckListViewController.swift */,
				93F4222D1C5575B1006DEB7E /* LocationViewController.swift */,
				937E7F321C55672700057D32 /* Main.storyboard */,
				937E7F381C55672700057D32 /* Assets.xcassets */,
				937E7F3A1C55672700057D32 /* LaunchScreen.storyboard */,
				937E7F3D1C55672700057D32 /* Info.plist */,
				937E7F351C55672700057D32 /* SwipeShare.xcdatamodeld */,
			);
			path = SwipeShare;
			sourceTree = "<group>";
		};
		937E7F451C55672700057D32 /* SwipeShareTests */ = {
			isa = PBXGroup;
			children = (
				937E7F461C55672700057D32 /* SwipeShareTests.swift */,
				937E7F481C55672700057D32 /* Info.plist */,
			);
			path = SwipeShareTests;
			sourceTree = "<group>";
		};
		937E7F501C55672700057D32 /* SwipeShareUITests */ = {
			isa = PBXGroup;
			children = (
				937E7F511C55672700057D32 /* SwipeShareUITests.swift */,
				937E7F531C55672700057D32 /* Info.plist */,
			);
			path = SwipeShareUITests;
			sourceTree = "<group>";
		};
		F2AD1F52D51C852F23E7429A /* Pods */ = {
			isa = PBXGroup;
			children = (
				FE915271C625A055062ADB56 /* Pods-SwipeShare.debug.xcconfig */,
				82E9FE079B35757E9551772A /* Pods-SwipeShare.release.xcconfig */,
			);
			name = Pods;
			sourceTree = "<group>";
		};
/* End PBXGroup section */

/* Begin PBXNativeTarget section */
		937E7F2A1C55672700057D32 /* SwipeShare */ = {
			isa = PBXNativeTarget;
			buildConfigurationList = 937E7F561C55672700057D32 /* Build configuration list for PBXNativeTarget "SwipeShare" */;
			buildPhases = (
				C9E3B26555649ECDFBE29C78 /* Check Pods Manifest.lock */,
				937E7F271C55672700057D32 /* Sources */,
				937E7F281C55672700057D32 /* Frameworks */,
				937E7F291C55672700057D32 /* Resources */,
				D884CFF6695F1E879C65790D /* Embed Pods Frameworks */,
				93F50C3D31C06A815D6C10AC /* Copy Pods Resources */,
			);
			buildRules = (
			);
			dependencies = (
			);
			name = SwipeShare;
			productName = SwipeShare;
			productReference = 937E7F2B1C55672700057D32 /* Yaw.app */;
			productType = "com.apple.product-type.application";
		};
		937E7F411C55672700057D32 /* SwipeShareTests */ = {
			isa = PBXNativeTarget;
			buildConfigurationList = 937E7F591C55672700057D32 /* Build configuration list for PBXNativeTarget "SwipeShareTests" */;
			buildPhases = (
				937E7F3E1C55672700057D32 /* Sources */,
				937E7F3F1C55672700057D32 /* Frameworks */,
				937E7F401C55672700057D32 /* Resources */,
			);
			buildRules = (
			);
			dependencies = (
				937E7F441C55672700057D32 /* PBXTargetDependency */,
			);
			name = SwipeShareTests;
			productName = SwipeShareTests;
			productReference = 937E7F421C55672700057D32 /* SwipeShareTests.xctest */;
			productType = "com.apple.product-type.bundle.unit-test";
		};
		937E7F4C1C55672700057D32 /* SwipeShareUITests */ = {
			isa = PBXNativeTarget;
			buildConfigurationList = 937E7F5C1C55672700057D32 /* Build configuration list for PBXNativeTarget "SwipeShareUITests" */;
			buildPhases = (
				937E7F491C55672700057D32 /* Sources */,
				937E7F4A1C55672700057D32 /* Frameworks */,
				937E7F4B1C55672700057D32 /* Resources */,
			);
			buildRules = (
			);
			dependencies = (
				937E7F4F1C55672700057D32 /* PBXTargetDependency */,
			);
			name = SwipeShareUITests;
			productName = SwipeShareUITests;
			productReference = 937E7F4D1C55672700057D32 /* SwipeShareUITests.xctest */;
			productType = "com.apple.product-type.bundle.ui-testing";
		};
/* End PBXNativeTarget section */

/* Begin PBXProject section */
		937E7F231C55672700057D32 /* Project object */ = {
			isa = PBXProject;
			attributes = {
				LastUpgradeCheck = 0720;
				ORGANIZATIONNAME = yaw;
				TargetAttributes = {
					937E7F2A1C55672700057D32 = {
						CreatedOnToolsVersion = 7.0.1;
						DevelopmentTeam = 87SFFAJD8E;
						SystemCapabilities = {
							com.apple.BackgroundModes = {
								enabled = 1;
							};
							com.apple.Maps.iOS = {
								enabled = 1;
							};
						};
					};
					937E7F411C55672700057D32 = {
						CreatedOnToolsVersion = 7.0.1;
						TestTargetID = 937E7F2A1C55672700057D32;
					};
					937E7F4C1C55672700057D32 = {
						CreatedOnToolsVersion = 7.0.1;
						TestTargetID = 937E7F2A1C55672700057D32;
					};
				};
			};
			buildConfigurationList = 937E7F261C55672700057D32 /* Build configuration list for PBXProject "SwipeShare" */;
			compatibilityVersion = "Xcode 3.2";
			developmentRegion = English;
			hasScannedForEncodings = 0;
			knownRegions = (
				en,
				Base,
			);
			mainGroup = 937E7F221C55672700057D32;
			productRefGroup = 937E7F2C1C55672700057D32 /* Products */;
			projectDirPath = "";
			projectRoot = "";
			targets = (
				937E7F2A1C55672700057D32 /* SwipeShare */,
				937E7F411C55672700057D32 /* SwipeShareTests */,
				937E7F4C1C55672700057D32 /* SwipeShareUITests */,
			);
		};
/* End PBXProject section */

/* Begin PBXResourcesBuildPhase section */
		937E7F291C55672700057D32 /* Resources */ = {
			isa = PBXResourcesBuildPhase;
			buildActionMask = 2147483647;
			files = (
				5E331D7C1CD06B03007FF047 /* ionicons.ttf in Resources */,
				0520578E1C81089B00009D91 /* yawIcon.png in Resources */,
				937E7F3C1C55672700057D32 /* LaunchScreen.storyboard in Resources */,
				5EB8A1141CBB38C4003B575D /* OverlayView.xib in Resources */,
				937E7F391C55672700057D32 /* Assets.xcassets in Resources */,
				937E7F341C55672700057D32 /* Main.storyboard in Resources */,
			);
			runOnlyForDeploymentPostprocessing = 0;
		};
		937E7F401C55672700057D32 /* Resources */ = {
			isa = PBXResourcesBuildPhase;
			buildActionMask = 2147483647;
			files = (
			);
			runOnlyForDeploymentPostprocessing = 0;
		};
		937E7F4B1C55672700057D32 /* Resources */ = {
			isa = PBXResourcesBuildPhase;
			buildActionMask = 2147483647;
			files = (
			);
			runOnlyForDeploymentPostprocessing = 0;
		};
/* End PBXResourcesBuildPhase section */

/* Begin PBXShellScriptBuildPhase section */
		93F50C3D31C06A815D6C10AC /* Copy Pods Resources */ = {
			isa = PBXShellScriptBuildPhase;
			buildActionMask = 2147483647;
			files = (
			);
			inputPaths = (
			);
			name = "Copy Pods Resources";
			outputPaths = (
			);
			runOnlyForDeploymentPostprocessing = 0;
			shellPath = /bin/sh;
			shellScript = "\"${SRCROOT}/Pods/Target Support Files/Pods-SwipeShare/Pods-SwipeShare-resources.sh\"\n";
			showEnvVarsInLog = 0;
		};
		C9E3B26555649ECDFBE29C78 /* Check Pods Manifest.lock */ = {
			isa = PBXShellScriptBuildPhase;
			buildActionMask = 2147483647;
			files = (
			);
			inputPaths = (
			);
			name = "Check Pods Manifest.lock";
			outputPaths = (
			);
			runOnlyForDeploymentPostprocessing = 0;
			shellPath = /bin/sh;
			shellScript = "diff \"${PODS_ROOT}/../Podfile.lock\" \"${PODS_ROOT}/Manifest.lock\" > /dev/null\nif [[ $? != 0 ]] ; then\n    cat << EOM\nerror: The sandbox is not in sync with the Podfile.lock. Run 'pod install' or update your CocoaPods installation.\nEOM\n    exit 1\nfi\n";
			showEnvVarsInLog = 0;
		};
		D884CFF6695F1E879C65790D /* Embed Pods Frameworks */ = {
			isa = PBXShellScriptBuildPhase;
			buildActionMask = 2147483647;
			files = (
			);
			inputPaths = (
			);
			name = "Embed Pods Frameworks";
			outputPaths = (
			);
			runOnlyForDeploymentPostprocessing = 0;
			shellPath = /bin/sh;
			shellScript = "\"${SRCROOT}/Pods/Target Support Files/Pods-SwipeShare/Pods-SwipeShare-frameworks.sh\"\n";
			showEnvVarsInLog = 0;
		};
/* End PBXShellScriptBuildPhase section */

/* Begin PBXSourcesBuildPhase section */
		937E7F271C55672700057D32 /* Sources */ = {
			isa = PBXSourcesBuildPhase;
			buildActionMask = 2147483647;
			files = (
				93FA3F221C66A8C000BB3791 /* LoginViewController.swift in Sources */,
				939B82971C87852300770F79 /* MessageCell.swift in Sources */,
				937E7F371C55672700057D32 /* SwipeShare.xcdatamodeld in Sources */,
				937E7F311C55672700057D32 /* ViewController.swift in Sources */,
				5EB8A1121CBB38B0003B575D /* OverlayView.swift in Sources */,
				05746A6A1C7E833100161135 /* iCarousel.m in Sources */,
				93FA3F241C66A8CB00BB3791 /* ResetPasswordViewController.swift in Sources */,
				932139321C8CE972008A69D9 /* MessageDetailVC.swift in Sources */,
				93A8CCB11C67E56C00BB9C03 /* SignUpViewCont.swift in Sources */,
				7927EF301CB2CF8A00571161 /* (null) in Sources */,
				939B829D1C87859700770F79 /* MessageTableVC.swift in Sources */,
				5E711FCB1CB7365800A3F113 /* CheckListViewController.swift in Sources */,
				054F0B671C8E04BE00496D38 /* ContainerViewController.swift in Sources */,
				937E7F2F1C55672700057D32 /* AppDelegate.swift in Sources */,
				939B82A11C87882400770F79 /* Message.swift in Sources */,
				939B82A31C87D2D800770F79 /* MessageManager.swift in Sources */,
				93F4222E1C5575B1006DEB7E /* LocationViewController.swift in Sources */,
				054F0B691C8E04D900496D38 /* SettingsViewController.swift in Sources */,
			);
			runOnlyForDeploymentPostprocessing = 0;
		};
		937E7F3E1C55672700057D32 /* Sources */ = {
			isa = PBXSourcesBuildPhase;
			buildActionMask = 2147483647;
			files = (
				937E7F471C55672700057D32 /* SwipeShareTests.swift in Sources */,
			);
			runOnlyForDeploymentPostprocessing = 0;
		};
		937E7F491C55672700057D32 /* Sources */ = {
			isa = PBXSourcesBuildPhase;
			buildActionMask = 2147483647;
			files = (
				937E7F521C55672700057D32 /* SwipeShareUITests.swift in Sources */,
			);
			runOnlyForDeploymentPostprocessing = 0;
		};
/* End PBXSourcesBuildPhase section */

/* Begin PBXTargetDependency section */
		937E7F441C55672700057D32 /* PBXTargetDependency */ = {
			isa = PBXTargetDependency;
			target = 937E7F2A1C55672700057D32 /* SwipeShare */;
			targetProxy = 937E7F431C55672700057D32 /* PBXContainerItemProxy */;
		};
		937E7F4F1C55672700057D32 /* PBXTargetDependency */ = {
			isa = PBXTargetDependency;
			target = 937E7F2A1C55672700057D32 /* SwipeShare */;
			targetProxy = 937E7F4E1C55672700057D32 /* PBXContainerItemProxy */;
		};
/* End PBXTargetDependency section */

/* Begin PBXVariantGroup section */
		937E7F321C55672700057D32 /* Main.storyboard */ = {
			isa = PBXVariantGroup;
			children = (
				937E7F331C55672700057D32 /* Base */,
			);
			name = Main.storyboard;
			sourceTree = "<group>";
		};
		937E7F3A1C55672700057D32 /* LaunchScreen.storyboard */ = {
			isa = PBXVariantGroup;
			children = (
				937E7F3B1C55672700057D32 /* Base */,
			);
			name = LaunchScreen.storyboard;
			sourceTree = "<group>";
		};
/* End PBXVariantGroup section */

/* Begin XCBuildConfiguration section */
		937E7F541C55672700057D32 /* Debug */ = {
			isa = XCBuildConfiguration;
			buildSettings = {
				ALWAYS_SEARCH_USER_PATHS = YES;
				CLANG_CXX_LANGUAGE_STANDARD = "gnu++0x";
				CLANG_CXX_LIBRARY = "libc++";
				CLANG_ENABLE_MODULES = YES;
				CLANG_ENABLE_OBJC_ARC = YES;
				CLANG_WARN_BOOL_CONVERSION = YES;
				CLANG_WARN_CONSTANT_CONVERSION = YES;
				CLANG_WARN_DIRECT_OBJC_ISA_USAGE = YES_ERROR;
				CLANG_WARN_EMPTY_BODY = YES;
				CLANG_WARN_ENUM_CONVERSION = YES;
				CLANG_WARN_INT_CONVERSION = YES;
				CLANG_WARN_OBJC_ROOT_CLASS = YES_ERROR;
				CLANG_WARN_UNREACHABLE_CODE = YES;
				CLANG_WARN__DUPLICATE_METHOD_MATCH = YES;
				"CODE_SIGN_IDENTITY[sdk=iphoneos*]" = "iPhone Developer";
				COPY_PHASE_STRIP = NO;
				DEBUG_INFORMATION_FORMAT = dwarf;
				ENABLE_STRICT_OBJC_MSGSEND = YES;
				ENABLE_TESTABILITY = YES;
				FRAMEWORK_SEARCH_PATHS = "$(SRCROOT)/**";
				GCC_C_LANGUAGE_STANDARD = gnu99;
				GCC_DYNAMIC_NO_PIC = NO;
				GCC_NO_COMMON_BLOCKS = YES;
				GCC_OPTIMIZATION_LEVEL = 0;
				GCC_PREPROCESSOR_DEFINITIONS = (
					"DEBUG=1",
					"$(inherited)",
				);
				GCC_WARN_64_TO_32_BIT_CONVERSION = YES;
				GCC_WARN_ABOUT_RETURN_TYPE = YES_ERROR;
				GCC_WARN_UNDECLARED_SELECTOR = YES;
				GCC_WARN_UNINITIALIZED_AUTOS = YES_AGGRESSIVE;
				GCC_WARN_UNUSED_FUNCTION = YES;
				GCC_WARN_UNUSED_VARIABLE = YES;
				IPHONEOS_DEPLOYMENT_TARGET = 9.0;
				MTL_ENABLE_DEBUG_INFO = YES;
				ONLY_ACTIVE_ARCH = YES;
				SDKROOT = iphoneos;
				SWIFT_OPTIMIZATION_LEVEL = "-Onone";
				TARGETED_DEVICE_FAMILY = "1,2";
			};
			name = Debug;
		};
		937E7F551C55672700057D32 /* Release */ = {
			isa = XCBuildConfiguration;
			buildSettings = {
				ALWAYS_SEARCH_USER_PATHS = YES;
				CLANG_CXX_LANGUAGE_STANDARD = "gnu++0x";
				CLANG_CXX_LIBRARY = "libc++";
				CLANG_ENABLE_MODULES = YES;
				CLANG_ENABLE_OBJC_ARC = YES;
				CLANG_WARN_BOOL_CONVERSION = YES;
				CLANG_WARN_CONSTANT_CONVERSION = YES;
				CLANG_WARN_DIRECT_OBJC_ISA_USAGE = YES_ERROR;
				CLANG_WARN_EMPTY_BODY = YES;
				CLANG_WARN_ENUM_CONVERSION = YES;
				CLANG_WARN_INT_CONVERSION = YES;
				CLANG_WARN_OBJC_ROOT_CLASS = YES_ERROR;
				CLANG_WARN_UNREACHABLE_CODE = YES;
				CLANG_WARN__DUPLICATE_METHOD_MATCH = YES;
				"CODE_SIGN_IDENTITY[sdk=iphoneos*]" = "iPhone Developer";
				COPY_PHASE_STRIP = NO;
				DEBUG_INFORMATION_FORMAT = "dwarf-with-dsym";
				ENABLE_NS_ASSERTIONS = NO;
				ENABLE_STRICT_OBJC_MSGSEND = YES;
				FRAMEWORK_SEARCH_PATHS = "$(SRCROOT)/**";
				GCC_C_LANGUAGE_STANDARD = gnu99;
				GCC_NO_COMMON_BLOCKS = YES;
				GCC_WARN_64_TO_32_BIT_CONVERSION = YES;
				GCC_WARN_ABOUT_RETURN_TYPE = YES_ERROR;
				GCC_WARN_UNDECLARED_SELECTOR = YES;
				GCC_WARN_UNINITIALIZED_AUTOS = YES_AGGRESSIVE;
				GCC_WARN_UNUSED_FUNCTION = YES;
				GCC_WARN_UNUSED_VARIABLE = YES;
				IPHONEOS_DEPLOYMENT_TARGET = 9.0;
				MTL_ENABLE_DEBUG_INFO = NO;
				SDKROOT = iphoneos;
				TARGETED_DEVICE_FAMILY = "1,2";
				VALIDATE_PRODUCT = YES;
			};
			name = Release;
		};
		937E7F571C55672700057D32 /* Debug */ = {
			isa = XCBuildConfiguration;
			baseConfigurationReference = FE915271C625A055062ADB56 /* Pods-SwipeShare.debug.xcconfig */;
			buildSettings = {
				ASSETCATALOG_COMPILER_APPICON_NAME = AppIcon;
				CODE_SIGN_IDENTITY = "iPhone Developer";
				"CODE_SIGN_IDENTITY[sdk=iphoneos*]" = "iPhone Developer";
				EMBEDDED_CONTENT_CONTAINS_SWIFT = YES;
				FRAMEWORK_SEARCH_PATHS = (
					"$(SRCROOT)/**",
					"$(PROJECT_DIR)",
					"$(PROJECT_DIR)/FacebookSDKs-iOS-20160316",
				);
				INFOPLIST_FILE = SwipeShare/Info.plist;
				LD_RUNPATH_SEARCH_PATHS = "$(inherited) @executable_path/Frameworks";
				PRODUCT_BUNDLE_IDENTIFIER = edu.dartmouth.yaw;
				PRODUCT_NAME = Yaw;
				PROVISIONING_PROFILE = "";
				SWIFT_OBJC_BRIDGING_HEADER = "SwipeShare/Yaw-Bridging-Header.h";
			};
			name = Debug;
		};
		937E7F581C55672700057D32 /* Release */ = {
			isa = XCBuildConfiguration;
			baseConfigurationReference = 82E9FE079B35757E9551772A /* Pods-SwipeShare.release.xcconfig */;
			buildSettings = {
				ASSETCATALOG_COMPILER_APPICON_NAME = AppIcon;
				CODE_SIGN_IDENTITY = "iPhone Developer";
				"CODE_SIGN_IDENTITY[sdk=iphoneos*]" = "iPhone Developer";
				EMBEDDED_CONTENT_CONTAINS_SWIFT = YES;
				FRAMEWORK_SEARCH_PATHS = (
					"$(SRCROOT)/**",
					"$(PROJECT_DIR)",
					"$(PROJECT_DIR)/FacebookSDKs-iOS-20160316",
				);
				INFOPLIST_FILE = SwipeShare/Info.plist;
				LD_RUNPATH_SEARCH_PATHS = "$(inherited) @executable_path/Frameworks";
				PRODUCT_BUNDLE_IDENTIFIER = edu.dartmouth.yaw;
				PRODUCT_NAME = Yaw;
				PROVISIONING_PROFILE = "";
				SWIFT_OBJC_BRIDGING_HEADER = "SwipeShare/Yaw-Bridging-Header.h";
			};
			name = Release;
		};
		937E7F5A1C55672700057D32 /* Debug */ = {
			isa = XCBuildConfiguration;
			buildSettings = {
				BUNDLE_LOADER = "$(TEST_HOST)";
				INFOPLIST_FILE = SwipeShareTests/Info.plist;
				LD_RUNPATH_SEARCH_PATHS = "$(inherited) @executable_path/Frameworks @loader_path/Frameworks";
				PRODUCT_BUNDLE_IDENTIFIER = yaw.SwipeShareTests;
				PRODUCT_NAME = "$(TARGET_NAME)";
				TEST_HOST = "$(BUILT_PRODUCTS_DIR)/SwipeShare.app/SwipeShare";
			};
			name = Debug;
		};
		937E7F5B1C55672700057D32 /* Release */ = {
			isa = XCBuildConfiguration;
			buildSettings = {
				BUNDLE_LOADER = "$(TEST_HOST)";
				INFOPLIST_FILE = SwipeShareTests/Info.plist;
				LD_RUNPATH_SEARCH_PATHS = "$(inherited) @executable_path/Frameworks @loader_path/Frameworks";
				PRODUCT_BUNDLE_IDENTIFIER = yaw.SwipeShareTests;
				PRODUCT_NAME = "$(TARGET_NAME)";
				TEST_HOST = "$(BUILT_PRODUCTS_DIR)/SwipeShare.app/SwipeShare";
			};
			name = Release;
		};
		937E7F5D1C55672700057D32 /* Debug */ = {
			isa = XCBuildConfiguration;
			buildSettings = {
				INFOPLIST_FILE = SwipeShareUITests/Info.plist;
				LD_RUNPATH_SEARCH_PATHS = "$(inherited) @executable_path/Frameworks @loader_path/Frameworks";
				PRODUCT_BUNDLE_IDENTIFIER = yaw.SwipeShareUITests;
				PRODUCT_NAME = "$(TARGET_NAME)";
				TEST_TARGET_NAME = SwipeShare;
				USES_XCTRUNNER = YES;
			};
			name = Debug;
		};
		937E7F5E1C55672700057D32 /* Release */ = {
			isa = XCBuildConfiguration;
			buildSettings = {
				INFOPLIST_FILE = SwipeShareUITests/Info.plist;
				LD_RUNPATH_SEARCH_PATHS = "$(inherited) @executable_path/Frameworks @loader_path/Frameworks";
				PRODUCT_BUNDLE_IDENTIFIER = yaw.SwipeShareUITests;
				PRODUCT_NAME = "$(TARGET_NAME)";
				TEST_TARGET_NAME = SwipeShare;
				USES_XCTRUNNER = YES;
			};
			name = Release;
		};
/* End XCBuildConfiguration section */

/* Begin XCConfigurationList section */
		937E7F261C55672700057D32 /* Build configuration list for PBXProject "SwipeShare" */ = {
			isa = XCConfigurationList;
			buildConfigurations = (
				937E7F541C55672700057D32 /* Debug */,
				937E7F551C55672700057D32 /* Release */,
			);
			defaultConfigurationIsVisible = 0;
			defaultConfigurationName = Release;
		};
		937E7F561C55672700057D32 /* Build configuration list for PBXNativeTarget "SwipeShare" */ = {
			isa = XCConfigurationList;
			buildConfigurations = (
				937E7F571C55672700057D32 /* Debug */,
				937E7F581C55672700057D32 /* Release */,
			);
			defaultConfigurationIsVisible = 0;
			defaultConfigurationName = Release;
		};
		937E7F591C55672700057D32 /* Build configuration list for PBXNativeTarget "SwipeShareTests" */ = {
			isa = XCConfigurationList;
			buildConfigurations = (
				937E7F5A1C55672700057D32 /* Debug */,
				937E7F5B1C55672700057D32 /* Release */,
			);
			defaultConfigurationIsVisible = 0;
			defaultConfigurationName = Release;
		};
		937E7F5C1C55672700057D32 /* Build configuration list for PBXNativeTarget "SwipeShareUITests" */ = {
			isa = XCConfigurationList;
			buildConfigurations = (
				937E7F5D1C55672700057D32 /* Debug */,
				937E7F5E1C55672700057D32 /* Release */,
			);
			defaultConfigurationIsVisible = 0;
			defaultConfigurationName = Release;
		};
/* End XCConfigurationList section */

/* Begin XCVersionGroup section */
		937E7F351C55672700057D32 /* SwipeShare.xcdatamodeld */ = {
			isa = XCVersionGroup;
			children = (
				937E7F361C55672700057D32 /* SwipeShare.xcdatamodel */,
			);
			currentVersion = 937E7F361C55672700057D32 /* SwipeShare.xcdatamodel */;
			path = SwipeShare.xcdatamodeld;
			sourceTree = "<group>";
			versionGroupType = wrapper.xcdatamodel;
		};
/* End XCVersionGroup section */
	};
	rootObject = 937E7F231C55672700057D32 /* Project object */;
}
